
Microsoft Visual Studio Solution File, Format Version 12.00
# Visual Studio Version 17
VisualStudioVersion = 17.1.32210.238
MinimumVisualStudioVersion = 10.0.40219.1
Project("{2150E333-8FDC-42A3-9474-1A3956D46DE8}") = "Doc", "Doc", "{0ED3404A-22AF-4150-AB85-9D753C6AAC8E}"
	ProjectSection(SolutionItems) = preProject
		Doc\Doc.docx = Doc\Doc.docx
	EndProjectSection
EndProject
Project("{2150E333-8FDC-42A3-9474-1A3956D46DE8}") = "Src", "Src", "{684D5221-068F-4006-A99B-DC0853F2B23A}"
EndProject
Project("{2150E333-8FDC-42A3-9474-1A3956D46DE8}") = "Test", "Test", "{F8B5A4DF-1A93-46B8-BA74-7B0F55E05ACD}"
	ProjectSection(SolutionItems) = preProject
		Test\1.png = Test\1.png
	EndProjectSection
EndProject
Project("{2150E333-8FDC-42A3-9474-1A3956D46DE8}") = "Core", "Core", "{A35B23A2-60E3-4AB9-A9F9-7ACC91DEC2B9}"
EndProject
Project("{2150E333-8FDC-42A3-9474-1A3956D46DE8}") = "Infrastructure", "Infrastructure", "{03003BA7-A9C3-4865-8D87-506FDF8BC7E8}"
EndProject
Project("{2150E333-8FDC-42A3-9474-1A3956D46DE8}") = "Common", "Common", "{515CF2E9-0166-4434-BC54-6A7DCA99C052}"
EndProject
Project("{2150E333-8FDC-42A3-9474-1A3956D46DE8}") = "Presentation", "Presentation", "{33A15F1A-93CF-4855-8211-9B6585326805}"
EndProject
Project("{FAE04EC0-301F-11D3-BF4B-00C04F79EFBC}") = "Bugeto_Store.Domain", "Src\Core\Bugeto_Store.Domain\Bugeto_Store.Domain.csproj", "{48C44726-D3AA-4A23-A718-07F1A9DE6551}"
EndProject
Project("{FAE04EC0-301F-11D3-BF4B-00C04F79EFBC}") = "Bugeto_Store.Application", "Src\Core\Bugeto_Store.Application\Bugeto_Store.Application.csproj", "{E9F3505E-BD60-47E8-8C33-F4FBAE915B75}"
EndProject
Project("{FAE04EC0-301F-11D3-BF4B-00C04F79EFBC}") = "Bugeto_Store.Infrastructure", "Src\Infrastructure\Bugeto_Store.Infrastructure\Bugeto_Store.Infrastructure.csproj", "{F5B42DFC-1BDD-4851-914C-CDFB47A69669}"
EndProject
Project("{FAE04EC0-301F-11D3-BF4B-00C04F79EFBC}") = "Bugeto_Store.Persistence", "Src\Infrastructure\Bugeto_Store.Persistence\Bugeto_Store.Persistence.csproj", "{C6F53EA1-B981-4F43-BEA4-4EE1C1EB59FF}"
EndProject
Project("{FAE04EC0-301F-11D3-BF4B-00C04F79EFBC}") = "Bugeto_Store.Common", "Src\Common\Bugeto_Store.Common\Bugeto_Store.Common.csproj", "{7B4CBE84-3184-486B-BE97-C9FFC0B0286F}"
EndProject
Project("{FAE04EC0-301F-11D3-BF4B-00C04F79EFBC}") = "EndPoint.Site", "Src\Presentation\EndPoint.Site\EndPoint.Site.csproj", "{EF0A87D6-300B-41CA-9742-8BBF3B400BA5}"
EndProject
Global
	GlobalSection(SolutionConfigurationPlatforms) = preSolution
		Debug|Any CPU = Debug|Any CPU
		Release|Any CPU = Release|Any CPU
	EndGlobalSection
	GlobalSection(ProjectConfigurationPlatforms) = postSolution
		{48C44726-D3AA-4A23-A718-07F1A9DE6551}.Debug|Any CPU.ActiveCfg = Debug|Any CPU
		{48C44726-D3AA-4A23-A718-07F1A9DE6551}.Debug|Any CPU.Build.0 = Debug|Any CPU
		{48C44726-D3AA-4A23-A718-07F1A9DE6551}.Release|Any CPU.ActiveCfg = Release|Any CPU
		{48C44726-D3AA-4A23-A718-07F1A9DE6551}.Release|Any CPU.Build.0 = Release|Any CPU
		{E9F3505E-BD60-47E8-8C33-F4FBAE915B75}.Debug|Any CPU.ActiveCfg = Debug|Any CPU
		{E9F3505E-BD60-47E8-8C33-F4FBAE915B75}.Debug|Any CPU.Build.0 = Debug|Any CPU
		{E9F3505E-BD60-47E8-8C33-F4FBAE915B75}.Release|Any CPU.ActiveCfg = Release|Any CPU
		{E9F3505E-BD60-47E8-8C33-F4FBAE915B75}.Release|Any CPU.Build.0 = Release|Any CPU
		{F5B42DFC-1BDD-4851-914C-CDFB47A69669}.Debug|Any CPU.ActiveCfg = Debug|Any CPU
		{F5B42DFC-1BDD-4851-914C-CDFB47A69669}.Debug|Any CPU.Build.0 = Debug|Any CPU
		{F5B42DFC-1BDD-4851-914C-CDFB47A69669}.Release|Any CPU.ActiveCfg = Release|Any CPU
		{F5B42DFC-1BDD-4851-914C-CDFB47A69669}.Release|Any CPU.Build.0 = Release|Any CPU
		{C6F53EA1-B981-4F43-BEA4-4EE1C1EB59FF}.Debug|Any CPU.ActiveCfg = Debug|Any CPU
		{C6F53EA1-B981-4F43-BEA4-4EE1C1EB59FF}.Debug|Any CPU.Build.0 = Debug|Any CPU
		{C6F53EA1-B981-4F43-BEA4-4EE1C1EB59FF}.Release|Any CPU.ActiveCfg = Release|Any CPU
		{C6F53EA1-B981-4F43-BEA4-4EE1C1EB59FF}.Release|Any CPU.Build.0 = Release|Any CPU
		{7B4CBE84-3184-486B-BE97-C9FFC0B0286F}.Debug|Any CPU.ActiveCfg = Debug|Any CPU
		{7B4CBE84-3184-486B-BE97-C9FFC0B0286F}.Debug|Any CPU.Build.0 = Debug|Any CPU
		{7B4CBE84-3184-486B-BE97-C9FFC0B0286F}.Release|Any CPU.ActiveCfg = Release|Any CPU
		{7B4CBE84-3184-486B-BE97-C9FFC0B0286F}.Release|Any CPU.Build.0 = Release|Any CPU
		{EF0A87D6-300B-41CA-9742-8BBF3B400BA5}.Debug|Any CPU.ActiveCfg = Debug|Any CPU
		{EF0A87D6-300B-41CA-9742-8BBF3B400BA5}.Debug|Any CPU.Build.0 = Debug|Any CPU
		{EF0A87D6-300B-41CA-9742-8BBF3B400BA5}.Release|Any CPU.ActiveCfg = Release|Any CPU
		{EF0A87D6-300B-41CA-9742-8BBF3B400BA5}.Release|Any CPU.Build.0 = Release|Any CPU
	EndGlobalSection
	GlobalSection(SolutionProperties) = preSolution
		HideSolutionNode = FALSE
	EndGlobalSection
	GlobalSection(NestedProjects) = preSolution
		{A35B23A2-60E3-4AB9-A9F9-7ACC91DEC2B9} = {684D5221-068F-4006-A99B-DC0853F2B23A}
		{03003BA7-A9C3-4865-8D87-506FDF8BC7E8} = {684D5221-068F-4006-A99B-DC0853F2B23A}
		{515CF2E9-0166-4434-BC54-6A7DCA99C052} = {684D5221-068F-4006-A99B-DC0853F2B23A}
		{33A15F1A-93CF-4855-8211-9B6585326805} = {684D5221-068F-4006-A99B-DC0853F2B23A}
		{48C44726-D3AA-4A23-A718-07F1A9DE6551} = {A35B23A2-60E3-4AB9-A9F9-7ACC91DEC2B9}
		{E9F3505E-BD60-47E8-8C33-F4FBAE915B75} = {A35B23A2-60E3-4AB9-A9F9-7ACC91DEC2B9}
		{F5B42DFC-1BDD-4851-914C-CDFB47A69669} = {03003BA7-A9C3-4865-8D87-506FDF8BC7E8}
		{C6F53EA1-B981-4F43-BEA4-4EE1C1EB59FF} = {03003BA7-A9C3-4865-8D87-506FDF8BC7E8}
		{7B4CBE84-3184-486B-BE97-C9FFC0B0286F} = {515CF2E9-0166-4434-BC54-6A7DCA99C052}
		{EF0A87D6-300B-41CA-9742-8BBF3B400BA5} = {33A15F1A-93CF-4855-8211-9B6585326805}
	EndGlobalSection
	GlobalSection(ExtensibilityGlobals) = postSolution
		SolutionGuid = {9E3713E7-4D1B-4FD1-9858-7C37FFF73215}
	EndGlobalSection
EndGlobal
